
Microsoft Visual Studio Solution File, Format Version 12.00
# Visual Studio 14
VisualStudioVersion = 14.0.24720.0
MinimumVisualStudioVersion = 10.0.40219.1
Project("{FAE04EC0-301F-11D3-BF4B-00C04F79EFBC}") = "DateTimePickerSample.Droid", "DateTimePickerSample\DateTimePickerSample.Droid\DateTimePickerSample.Droid.csproj", "{89AF88B4-3F75-400E-B664-1DD37F32BB85}"
EndProject
Project("{FAE04EC0-301F-11D3-BF4B-00C04F79EFBC}") = "DateTimePickerSample.iOS", "DateTimePickerSample\DateTimePickerSample.iOS\DateTimePickerSample.iOS.csproj", "{7DB89E70-B557-464C-9A0A-DF6F32114B3F}"
EndProject
Project("{FAE04EC0-301F-11D3-BF4B-00C04F79EFBC}") = "DateTimePickerSample", "DateTimePickerSample\DateTimePickerSample\DateTimePickerSample.csproj", "{C86A12BA-5A5A-4E95-A5A8-8043F63350CB}"
EndProject
Global
	GlobalSection(SolutionConfigurationPlatforms) = preSolution
		Ad-Hoc|Any CPU = Ad-Hoc|Any CPU
		Ad-Hoc|ARM = Ad-Hoc|ARM
		Ad-Hoc|iPhone = Ad-Hoc|iPhone
		Ad-Hoc|iPhoneSimulator = Ad-Hoc|iPhoneSimulator
		Ad-Hoc|x64 = Ad-Hoc|x64
		Ad-Hoc|x86 = Ad-Hoc|x86
		AppStore|Any CPU = AppStore|Any CPU
		AppStore|ARM = AppStore|ARM
		AppStore|iPhone = AppStore|iPhone
		AppStore|iPhoneSimulator = AppStore|iPhoneSimulator
		AppStore|x64 = AppStore|x64
		AppStore|x86 = AppStore|x86
		Debug|Any CPU = Debug|Any CPU
		Debug|ARM = Debug|ARM
		Debug|iPhone = Debug|iPhone
		Debug|iPhoneSimulator = Debug|iPhoneSimulator
		Debug|x64 = Debug|x64
		Debug|x86 = Debug|x86
		Release|Any CPU = Release|Any CPU
		Release|ARM = Release|ARM
		Release|iPhone = Release|iPhone
		Release|iPhoneSimulator = Release|iPhoneSimulator
		Release|x64 = Release|x64
		Release|x86 = Release|x86
	EndGlobalSection
	GlobalSection(ProjectConfigurationPlatforms) = postSolution
		{89AF88B4-3F75-400E-B664-1DD37F32BB85}.Ad-Hoc|Any CPU.ActiveCfg = Release|Any CPU
		{89AF88B4-3F75-400E-B664-1DD37F32BB85}.Ad-Hoc|Any CPU.Build.0 = Release|Any CPU
		{89AF88B4-3F75-400E-B664-1DD37F32BB85}.Ad-Hoc|Any CPU.Deploy.0 = Release|Any CPU
		{89AF88B4-3F75-400E-B664-1DD37F32BB85}.Ad-Hoc|ARM.ActiveCfg = Release|Any CPU
		{89AF88B4-3F75-400E-B664-1DD37F32BB85}.Ad-Hoc|ARM.Build.0 = Release|Any CPU
		{89AF88B4-3F75-400E-B664-1DD37F32BB85}.Ad-Hoc|ARM.Deploy.0 = Release|Any CPU
		{89AF88B4-3F75-400E-B664-1DD37F32BB85}.Ad-Hoc|iPhone.ActiveCfg = Release|Any CPU
		{89AF88B4-3F75-400E-B664-1DD37F32BB85}.Ad-Hoc|iPhone.Build.0 = Release|Any CPU
		{89AF88B4-3F75-400E-B664-1DD37F32BB85}.Ad-Hoc|iPhone.Deploy.0 = Release|Any CPU
		{89AF88B4-3F75-400E-B664-1DD37F32BB85}.Ad-Hoc|iPhoneSimulator.ActiveCfg = Release|Any CPU
		{89AF88B4-3F75-400E-B664-1DD37F32BB85}.Ad-Hoc|iPhoneSimulator.Build.0 = Release|Any CPU
		{89AF88B4-3F75-400E-B664-1DD37F32BB85}.Ad-Hoc|iPhoneSimulator.Deploy.0 = Release|Any CPU
		{89AF88B4-3F75-400E-B664-1DD37F32BB85}.Ad-Hoc|x64.ActiveCfg = Release|Any CPU
		{89AF88B4-3F75-400E-B664-1DD37F32BB85}.Ad-Hoc|x64.Build.0 = Release|Any CPU
		{89AF88B4-3F75-400E-B664-1DD37F32BB85}.Ad-Hoc|x64.Deploy.0 = Release|Any CPU
		{89AF88B4-3F75-400E-B664-1DD37F32BB85}.Ad-Hoc|x86.ActiveCfg = Release|Any CPU
		{89AF88B4-3F75-400E-B664-1DD37F32BB85}.Ad-Hoc|x86.Build.0 = Release|Any CPU
		{89AF88B4-3F75-400E-B664-1DD37F32BB85}.Ad-Hoc|x86.Deploy.0 = Release|Any CPU
		{89AF88B4-3F75-400E-B664-1DD37F32BB85}.AppStore|Any CPU.ActiveCfg = Release|Any CPU
		{89AF88B4-3F75-400E-B664-1DD37F32BB85}.AppStore|Any CPU.Build.0 = Release|Any CPU
		{89AF88B4-3F75-400E-B664-1DD37F32BB85}.AppStore|Any CPU.Deploy.0 = Release|Any CPU
		{89AF88B4-3F75-400E-B664-1DD37F32BB85}.AppStore|ARM.ActiveCfg = Release|Any CPU
		{89AF88B4-3F75-400E-B664-1DD37F32BB85}.AppStore|ARM.Build.0 = Release|Any CPU
		{89AF88B4-3F75-400E-B664-1DD37F32BB85}.AppStore|ARM.Deploy.0 = Release|Any CPU
		{89AF88B4-3F75-400E-B664-1DD37F32BB85}.AppStore|iPhone.ActiveCfg = Release|Any CPU
		{89AF88B4-3F75-400E-B664-1DD37F32BB85}.AppStore|iPhone.Build.0 = Release|Any CPU
		{89AF88B4-3F75-400E-B664-1DD37F32BB85}.AppStore|iPhone.Deploy.0 = Release|Any CPU
		{89AF88B4-3F75-400E-B664-1DD37F32BB85}.AppStore|iPhoneSimulator.ActiveCfg = Release|Any CPU
		{89AF88B4-3F75-400E-B664-1DD37F32BB85}.AppStore|iPhoneSimulator.Build.0 = Release|Any CPU
		{89AF88B4-3F75-400E-B664-1DD37F32BB85}.AppStore|iPhoneSimulator.Deploy.0 = Release|Any CPU
		{89AF88B4-3F75-400E-B664-1DD37F32BB85}.AppStore|x64.ActiveCfg = Release|Any CPU
		{89AF88B4-3F75-400E-B664-1DD37F32BB85}.AppStore|x64.Build.0 = Release|Any CPU
		{89AF88B4-3F75-400E-B664-1DD37F32BB85}.AppStore|x64.Deploy.0 = Release|Any CPU
		{89AF88B4-3F75-400E-B664-1DD37F32BB85}.AppStore|x86.ActiveCfg = Release|Any CPU
		{89AF88B4-3F75-400E-B664-1DD37F32BB85}.AppStore|x86.Build.0 = Release|Any CPU
		{89AF88B4-3F75-400E-B664-1DD37F32BB85}.AppStore|x86.Deploy.0 = Release|Any CPU
		{89AF88B4-3F75-400E-B664-1DD37F32BB85}.Debug|Any CPU.ActiveCfg = Debug|Any CPU
		{89AF88B4-3F75-400E-B664-1DD37F32BB85}.Debug|Any CPU.Build.0 = Debug|Any CPU
		{89AF88B4-3F75-400E-B664-1DD37F32BB85}.Debug|Any CPU.Deploy.0 = Debug|Any CPU
		{89AF88B4-3F75-400E-B664-1DD37F32BB85}.Debug|ARM.ActiveCfg = Debug|Any CPU
		{89AF88B4-3F75-400E-B664-1DD37F32BB85}.Debug|ARM.Build.0 = Debug|Any CPU
		{89AF88B4-3F75-400E-B664-1DD37F32BB85}.Debug|ARM.Deploy.0 = Debug|Any CPU
		{89AF88B4-3F75-400E-B664-1DD37F32BB85}.Debug|iPhone.ActiveCfg = Debug|Any CPU
		{89AF88B4-3F75-400E-B664-1DD37F32BB85}.Debug|iPhone.Build.0 = Debug|Any CPU
		{89AF88B4-3F75-400E-B664-1DD37F32BB85}.Debug|iPhone.Deploy.0 = Debug|Any CPU
		{89AF88B4-3F75-400E-B664-1DD37F32BB85}.Debug|iPhoneSimulator.ActiveCfg = Debug|Any CPU
		{89AF88B4-3F75-400E-B664-1DD37F32BB85}.Debug|iPhoneSimulator.Build.0 = Debug|Any CPU
		{89AF88B4-3F75-400E-B664-1DD37F32BB85}.Debug|iPhoneSimulator.Deploy.0 = Debug|Any CPU
		{89AF88B4-3F75-400E-B664-1DD37F32BB85}.Debug|x64.ActiveCfg = Debug|Any CPU
		{89AF88B4-3F75-400E-B664-1DD37F32BB85}.Debug|x64.Build.0 = Debug|Any CPU
		{89AF88B4-3F75-400E-B664-1DD37F32BB85}.Debug|x64.Deploy.0 = Debug|Any CPU
		{89AF88B4-3F75-400E-B664-1DD37F32BB85}.Debug|x86.ActiveCfg = Debug|Any CPU
		{89AF88B4-3F75-400E-B664-1DD37F32BB85}.Debug|x86.Build.0 = Debug|Any CPU
		{89AF88B4-3F75-400E-B664-1DD37F32BB85}.Debug|x86.Deploy.0 = Debug|Any CPU
		{89AF88B4-3F75-400E-B664-1DD37F32BB85}.Release|Any CPU.ActiveCfg = Release|Any CPU
		{89AF88B4-3F75-400E-B664-1DD37F32BB85}.Release|Any CPU.Build.0 = Release|Any CPU
		{89AF88B4-3F75-400E-B664-1DD37F32BB85}.Release|Any CPU.Deploy.0 = Release|Any CPU
		{89AF88B4-3F75-400E-B664-1DD37F32BB85}.Release|ARM.ActiveCfg = Release|Any CPU
		{89AF88B4-3F75-400E-B664-1DD37F32BB85}.Release|ARM.Build.0 = Release|Any CPU
		{89AF88B4-3F75-400E-B664-1DD37F32BB85}.Release|ARM.Deploy.0 = Release|Any CPU
		{89AF88B4-3F75-400E-B664-1DD37F32BB85}.Release|iPhone.ActiveCfg = Release|Any CPU
		{89AF88B4-3F75-400E-B664-1DD37F32BB85}.Release|iPhone.Build.0 = Release|Any CPU
		{89AF88B4-3F75-400E-B664-1DD37F32BB85}.Release|iPhone.Deploy.0 = Release|Any CPU
		{89AF88B4-3F75-400E-B664-1DD37F32BB85}.Release|iPhoneSimulator.ActiveCfg = Release|Any CPU
		{89AF88B4-3F75-400E-B664-1DD37F32BB85}.Release|iPhoneSimulator.Build.0 = Release|Any CPU
		{89AF88B4-3F75-400E-B664-1DD37F32BB85}.Release|iPhoneSimulator.Deploy.0 = Release|Any CPU
		{89AF88B4-3F75-400E-B664-1DD37F32BB85}.Release|x64.ActiveCfg = Release|Any CPU
		{89AF88B4-3F75-400E-B664-1DD37F32BB85}.Release|x64.Build.0 = Release|Any CPU
		{89AF88B4-3F75-400E-B664-1DD37F32BB85}.Release|x64.Deploy.0 = Release|Any CPU
		{89AF88B4-3F75-400E-B664-1DD37F32BB85}.Release|x86.ActiveCfg = Release|Any CPU
		{89AF88B4-3F75-400E-B664-1DD37F32BB85}.Release|x86.Build.0 = Release|Any CPU
		{89AF88B4-3F75-400E-B664-1DD37F32BB85}.Release|x86.Deploy.0 = Release|Any CPU
		{7DB89E70-B557-464C-9A0A-DF6F32114B3F}.Ad-Hoc|Any CPU.ActiveCfg = Ad-Hoc|iPhone
		{7DB89E70-B557-464C-9A0A-DF6F32114B3F}.Ad-Hoc|ARM.ActiveCfg = Ad-Hoc|iPhone
		{7DB89E70-B557-464C-9A0A-DF6F32114B3F}.Ad-Hoc|iPhone.ActiveCfg = Ad-Hoc|iPhone
		{7DB89E70-B557-464C-9A0A-DF6F32114B3F}.Ad-Hoc|iPhone.Build.0 = Ad-Hoc|iPhone
		{7DB89E70-B557-464C-9A0A-DF6F32114B3F}.Ad-Hoc|iPhoneSimulator.ActiveCfg = Ad-Hoc|iPhoneSimulator
		{7DB89E70-B557-464C-9A0A-DF6F32114B3F}.Ad-Hoc|iPhoneSimulator.Build.0 = Ad-Hoc|iPhoneSimulator
		{7DB89E70-B557-464C-9A0A-DF6F32114B3F}.Ad-Hoc|x64.ActiveCfg = Ad-Hoc|iPhone
		{7DB89E70-B557-464C-9A0A-DF6F32114B3F}.Ad-Hoc|x86.ActiveCfg = Ad-Hoc|iPhone
		{7DB89E70-B557-464C-9A0A-DF6F32114B3F}.AppStore|Any CPU.ActiveCfg = AppStore|iPhone
		{7DB89E70-B557-464C-9A0A-DF6F32114B3F}.AppStore|ARM.ActiveCfg = AppStore|iPhone
		{7DB89E70-B557-464C-9A0A-DF6F32114B3F}.AppStore|iPhone.ActiveCfg = AppStore|iPhone
		{7DB89E70-B557-464C-9A0A-DF6F32114B3F}.AppStore|iPhone.Build.0 = AppStore|iPhone
		{7DB89E70-B557-464C-9A0A-DF6F32114B3F}.AppStore|iPhoneSimulator.ActiveCfg = AppStore|iPhoneSimulator
		{7DB89E70-B557-464C-9A0A-DF6F32114B3F}.AppStore|iPhoneSimulator.Build.0 = AppStore|iPhoneSimulator
		{7DB89E70-B557-464C-9A0A-DF6F32114B3F}.AppStore|x64.ActiveCfg = AppStore|iPhone
		{7DB89E70-B557-464C-9A0A-DF6F32114B3F}.AppStore|x86.ActiveCfg = AppStore|iPhone
		{7DB89E70-B557-464C-9A0A-DF6F32114B3F}.Debug|Any CPU.ActiveCfg = Debug|iPhone
		{7DB89E70-B557-464C-9A0A-DF6F32114B3F}.Debug|ARM.ActiveCfg = Debug|iPhone
		{7DB89E70-B557-464C-9A0A-DF6F32114B3F}.Debug|iPhone.ActiveCfg = Debug|iPhone
		{7DB89E70-B557-464C-9A0A-DF6F32114B3F}.Debug|iPhone.Build.0 = Debug|iPhone
		{7DB89E70-B557-464C-9A0A-DF6F32114B3F}.Debug|iPhoneSimulator.ActiveCfg = Debug|iPhoneSimulator
		{7DB89E70-B557-464C-9A0A-DF6F32114B3F}.Debug|iPhoneSimulator.Build.0 = Debug|iPhoneSimulator
		{7DB89E70-B557-464C-9A0A-DF6F32114B3F}.Debug|x64.ActiveCfg = Debug|iPhone
		{7DB89E70-B557-464C-9A0A-DF6F32114B3F}.Debug|x86.ActiveCfg = Debug|iPhone
		{7DB89E70-B557-464C-9A0A-DF6F32114B3F}.Release|Any CPU.ActiveCfg = Release|iPhone
		{7DB89E70-B557-464C-9A0A-DF6F32114B3F}.Release|ARM.ActiveCfg = Release|iPhone
		{7DB89E70-B557-464C-9A0A-DF6F32114B3F}.Release|iPhone.ActiveCfg = Release|iPhone
		{7DB89E70-B557-464C-9A0A-DF6F32114B3F}.Release|iPhone.Build.0 = Release|iPhone
		{7DB89E70-B557-464C-9A0A-DF6F32114B3F}.Release|iPhoneSimulator.ActiveCfg = Release|iPhoneSimulator
		{7DB89E70-B557-464C-9A0A-DF6F32114B3F}.Release|iPhoneSimulator.Build.0 = Release|iPhoneSimulator
		{7DB89E70-B557-464C-9A0A-DF6F32114B3F}.Release|x64.ActiveCfg = Release|iPhone
		{7DB89E70-B557-464C-9A0A-DF6F32114B3F}.Release|x86.ActiveCfg = Release|iPhone
		{C86A12BA-5A5A-4E95-A5A8-8043F63350CB}.Ad-Hoc|Any CPU.ActiveCfg = Release|Any CPU
		{C86A12BA-5A5A-4E95-A5A8-8043F63350CB}.Ad-Hoc|Any CPU.Build.0 = Release|Any CPU
		{C86A12BA-5A5A-4E95-A5A8-8043F63350CB}.Ad-Hoc|ARM.ActiveCfg = Release|Any CPU
		{C86A12BA-5A5A-4E95-A5A8-8043F63350CB}.Ad-Hoc|ARM.Build.0 = Release|Any CPU
		{C86A12BA-5A5A-4E95-A5A8-8043F63350CB}.Ad-Hoc|iPhone.ActiveCfg = Release|Any CPU
		{C86A12BA-5A5A-4E95-A5A8-8043F63350CB}.Ad-Hoc|iPhone.Build.0 = Release|Any CPU
		{C86A12BA-5A5A-4E95-A5A8-8043F63350CB}.Ad-Hoc|iPhoneSimulator.ActiveCfg = Release|Any CPU
		{C86A12BA-5A5A-4E95-A5A8-8043F63350CB}.Ad-Hoc|iPhoneSimulator.Build.0 = Release|Any CPU
		{C86A12BA-5A5A-4E95-A5A8-8043F63350CB}.Ad-Hoc|x64.ActiveCfg = Release|Any CPU
		{C86A12BA-5A5A-4E95-A5A8-8043F63350CB}.Ad-Hoc|x64.Build.0 = Release|Any CPU
		{C86A12BA-5A5A-4E95-A5A8-8043F63350CB}.Ad-Hoc|x86.ActiveCfg = Release|Any CPU
		{C86A12BA-5A5A-4E95-A5A8-8043F63350CB}.Ad-Hoc|x86.Build.0 = Release|Any CPU
		{C86A12BA-5A5A-4E95-A5A8-8043F63350CB}.AppStore|Any CPU.ActiveCfg = Release|Any CPU
		{C86A12BA-5A5A-4E95-A5A8-8043F63350CB}.AppStore|Any CPU.Build.0 = Release|Any CPU
		{C86A12BA-5A5A-4E95-A5A8-8043F63350CB}.AppStore|ARM.ActiveCfg = Release|Any CPU
		{C86A12BA-5A5A-4E95-A5A8-8043F63350CB}.AppStore|ARM.Build.0 = Release|Any CPU
		{C86A12BA-5A5A-4E95-A5A8-8043F63350CB}.AppStore|iPhone.ActiveCfg = Release|Any CPU
		{C86A12BA-5A5A-4E95-A5A8-8043F63350CB}.AppStore|iPhone.Build.0 = Release|Any CPU
		{C86A12BA-5A5A-4E95-A5A8-8043F63350CB}.AppStore|iPhoneSimulator.ActiveCfg = Release|Any CPU
		{C86A12BA-5A5A-4E95-A5A8-8043F63350CB}.AppStore|iPhoneSimulator.Build.0 = Release|Any CPU
		{C86A12BA-5A5A-4E95-A5A8-8043F63350CB}.AppStore|x64.ActiveCfg = Release|Any CPU
		{C86A12BA-5A5A-4E95-A5A8-8043F63350CB}.AppStore|x64.Build.0 = Release|Any CPU
		{C86A12BA-5A5A-4E95-A5A8-8043F63350CB}.AppStore|x86.ActiveCfg = Release|Any CPU
		{C86A12BA-5A5A-4E95-A5A8-8043F63350CB}.AppStore|x86.Build.0 = Release|Any CPU
		{C86A12BA-5A5A-4E95-A5A8-8043F63350CB}.Debug|Any CPU.ActiveCfg = Debug|Any CPU
		{C86A12BA-5A5A-4E95-A5A8-8043F63350CB}.Debug|Any CPU.Build.0 = Debug|Any CPU
		{C86A12BA-5A5A-4E95-A5A8-8043F63350CB}.Debug|ARM.ActiveCfg = Debug|Any CPU
		{C86A12BA-5A5A-4E95-A5A8-8043F63350CB}.Debug|ARM.Build.0 = Debug|Any CPU
		{C86A12BA-5A5A-4E95-A5A8-8043F63350CB}.Debug|iPhone.ActiveCfg = Debug|Any CPU
		{C86A12BA-5A5A-4E95-A5A8-8043F63350CB}.Debug|iPhone.Build.0 = Debug|Any CPU
		{C86A12BA-5A5A-4E95-A5A8-8043F63350CB}.Debug|iPhoneSimulator.ActiveCfg = Debug|Any CPU
		{C86A12BA-5A5A-4E95-A5A8-8043F63350CB}.Debug|iPhoneSimulator.Build.0 = Debug|Any CPU
		{C86A12BA-5A5A-4E95-A5A8-8043F63350CB}.Debug|x64.ActiveCfg = Debug|Any CPU
		{C86A12BA-5A5A-4E95-A5A8-8043F63350CB}.Debug|x64.Build.0 = Debug|Any CPU
		{C86A12BA-5A5A-4E95-A5A8-8043F63350CB}.Debug|x86.ActiveCfg = Debug|Any CPU
		{C86A12BA-5A5A-4E95-A5A8-8043F63350CB}.Debug|x86.Build.0 = Debug|Any CPU
		{C86A12BA-5A5A-4E95-A5A8-8043F63350CB}.Release|Any CPU.ActiveCfg = Release|Any CPU
		{C86A12BA-5A5A-4E95-A5A8-8043F63350CB}.Release|Any CPU.Build.0 = Release|Any CPU
		{C86A12BA-5A5A-4E95-A5A8-8043F63350CB}.Release|ARM.ActiveCfg = Release|Any CPU
		{C86A12BA-5A5A-4E95-A5A8-8043F63350CB}.Release|ARM.Build.0 = Release|Any CPU
		{C86A12BA-5A5A-4E95-A5A8-8043F63350CB}.Release|iPhone.ActiveCfg = Release|Any CPU
		{C86A12BA-5A5A-4E95-A5A8-8043F63350CB}.Release|iPhone.Build.0 = Release|Any CPU
		{C86A12BA-5A5A-4E95-A5A8-8043F63350CB}.Release|iPhoneSimulator.ActiveCfg = Release|Any CPU
		{C86A12BA-5A5A-4E95-A5A8-8043F63350CB}.Release|iPhoneSimulator.Build.0 = Release|Any CPU
		{C86A12BA-5A5A-4E95-A5A8-8043F63350CB}.Release|x64.ActiveCfg = Release|Any CPU
		{C86A12BA-5A5A-4E95-A5A8-8043F63350CB}.Release|x64.Build.0 = Release|Any CPU
		{C86A12BA-5A5A-4E95-A5A8-8043F63350CB}.Release|x86.ActiveCfg = Release|Any CPU
		{C86A12BA-5A5A-4E95-A5A8-8043F63350CB}.Release|x86.Build.0 = Release|Any CPU
	EndGlobalSection
	GlobalSection(SolutionProperties) = preSolution
		HideSolutionNode = FALSE
	EndGlobalSection
EndGlobal
